
Microsoft Visual Studio Solution File, Format Version 12.00
# Visual Studio Version 16
VisualStudioVersion = 16.0.31105.61
MinimumVisualStudioVersion = 10.0.40219.1
Project("{9A19103F-16F7-4668-BE54-9A1E7A4F7556}") = "DockerLambda", "DockerLambda.csproj", "{D2CA3C84-2683-45F8-AA55-295FE2E29DFF}"
EndProject
Global
	GlobalSection(SolutionConfigurationPlatforms) = preSolution
		Debug|Any CPU = Debug|Any CPU
		Release|Any CPU = Release|Any CPU
	EndGlobalSection
	GlobalSection(ProjectConfigurationPlatforms) = postSolution
		{D2CA3C84-2683-45F8-AA55-295FE2E29DFF}.Debug|Any CPU.ActiveCfg = Debug|Any CPU
		{D2CA3C84-2683-45F8-AA55-295FE2E29DFF}.Debug|Any CPU.Build.0 = Debug|Any CPU
		{D2CA3C84-2683-45F8-AA55-295FE2E29DFF}.Release|Any CPU.ActiveCfg = Release|Any CPU
		{D2CA3C84-2683-45F8-AA55-295FE2E29DFF}.Release|Any CPU.Build.0 = Release|Any CPU
	EndGlobalSection
	GlobalSection(SolutionProperties) = preSolution
		HideSolutionNode = FALSE
	EndGlobalSection
	GlobalSection(ExtensibilityGlobals) = postSolution
		SolutionGuid = {3EA95115-8292-48F2-B5CA-DCCC31C6AE8E}
	EndGlobalSection
EndGlobal
